
Microsoft Visual Studio Solution File, Format Version 12.00
# Visual Studio 14
VisualStudioVersion = 14.0.25420.1
MinimumVisualStudioVersion = 10.0.40219.1
Project("{8BC9CEB8-8B4A-11D0-8D11-00A0C91BC942}") = "Prj01", "Prj01\Prj01.vcxproj", "{58912C80-7B65-42BC-AE4D-E446E5612B40}"
EndProject
Project("{8BC9CEB8-8B4A-11D0-8D11-00A0C91BC942}") = "Prj02", "Prj02\Prj02.vcxproj", "{96EDADBB-B880-45DD-A68B-EBE42367652E}"
EndProject
Project("{8BC9CEB8-8B4A-11D0-8D11-00A0C91BC942}") = "Prj03", "Prj03\Prj03.vcxproj", "{C4AEB63B-5DBE-46E6-B3EA-72C826BEAAA4}"
EndProject
Project("{8BC9CEB8-8B4A-11D0-8D11-00A0C91BC942}") = "Prj04", "Prj04\Prj04.vcxproj", "{B155D8E4-8198-42A5-8A0A-8AE64FDF9049}"
EndProject
Project("{8BC9CEB8-8B4A-11D0-8D11-00A0C91BC942}") = "Prj05", "Prj05\Prj05.vcxproj", "{012F1129-5F0C-487F-9CF3-7A25A59D97B8}"
EndProject
Project("{8BC9CEB8-8B4A-11D0-8D11-00A0C91BC942}") = "Prj06", "Prj06\Prj06.vcxproj", "{25AA7B4E-0662-47BF-B420-E5CB0AA7D6D3}"
EndProject
Project("{8BC9CEB8-8B4A-11D0-8D11-00A0C91BC942}") = "Prj07", "Prj07\Prj07.vcxproj", "{90991AC5-D0B3-400C-9C08-FA98A8ECE675}"
EndProject
Project("{8BC9CEB8-8B4A-11D0-8D11-00A0C91BC942}") = "Prj08", "Prj08\Prj08.vcxproj", "{F87412D0-BBD4-462D-8E9D-BAFA17FE86AA}"
EndProject
Project("{8BC9CEB8-8B4A-11D0-8D11-00A0C91BC942}") = "Prj09", "Prj09\Prj09.vcxproj", "{F115ED78-B4B6-45BC-9ADF-81708836B7E2}"
EndProject
Project("{8BC9CEB8-8B4A-11D0-8D11-00A0C91BC942}") = "Prj10", "Prj10\Prj10.vcxproj", "{B403454D-2D2E-4678-8DEA-CD8E1BE0E2B3}"
EndProject
Project("{8BC9CEB8-8B4A-11D0-8D11-00A0C91BC942}") = "Prj11", "Prj11\Prj11.vcxproj", "{00A2215D-9052-4902-AB76-87BB5658DBBB}"
EndProject
Project("{8BC9CEB8-8B4A-11D0-8D11-00A0C91BC942}") = "Prj12", "Prj12\Prj12.vcxproj", "{0AEE3E3B-0E40-44BB-8573-7B9BCE7BD855}"
EndProject
Project("{8BC9CEB8-8B4A-11D0-8D11-00A0C91BC942}") = "Prj13", "Prj13\Prj13.vcxproj", "{E523DD89-F31E-46B4-86D9-879B9B90B028}"
EndProject
Project("{8BC9CEB8-8B4A-11D0-8D11-00A0C91BC942}") = "Prj14", "Prj14\Prj14.vcxproj", "{E0916CF8-0183-4B05-8741-301764946D16}"
EndProject
Global
	GlobalSection(SolutionConfigurationPlatforms) = preSolution
		Debug|x64 = Debug|x64
		Debug|x86 = Debug|x86
		Release|x64 = Release|x64
		Release|x86 = Release|x86
	EndGlobalSection
	GlobalSection(ProjectConfigurationPlatforms) = postSolution
		{58912C80-7B65-42BC-AE4D-E446E5612B40}.Debug|x64.ActiveCfg = Debug|x64
		{58912C80-7B65-42BC-AE4D-E446E5612B40}.Debug|x64.Build.0 = Debug|x64
		{58912C80-7B65-42BC-AE4D-E446E5612B40}.Debug|x86.ActiveCfg = Debug|Win32
		{58912C80-7B65-42BC-AE4D-E446E5612B40}.Debug|x86.Build.0 = Debug|Win32
		{58912C80-7B65-42BC-AE4D-E446E5612B40}.Release|x64.ActiveCfg = Release|x64
		{58912C80-7B65-42BC-AE4D-E446E5612B40}.Release|x64.Build.0 = Release|x64
		{58912C80-7B65-42BC-AE4D-E446E5612B40}.Release|x86.ActiveCfg = Release|Win32
		{58912C80-7B65-42BC-AE4D-E446E5612B40}.Release|x86.Build.0 = Release|Win32
		{96EDADBB-B880-45DD-A68B-EBE42367652E}.Debug|x64.ActiveCfg = Debug|x64
		{96EDADBB-B880-45DD-A68B-EBE42367652E}.Debug|x64.Build.0 = Debug|x64
		{96EDADBB-B880-45DD-A68B-EBE42367652E}.Debug|x86.ActiveCfg = Debug|Win32
		{96EDADBB-B880-45DD-A68B-EBE42367652E}.Debug|x86.Build.0 = Debug|Win32
		{96EDADBB-B880-45DD-A68B-EBE42367652E}.Release|x64.ActiveCfg = Release|x64
		{96EDADBB-B880-45DD-A68B-EBE42367652E}.Release|x64.Build.0 = Release|x64
		{96EDADBB-B880-45DD-A68B-EBE42367652E}.Release|x86.ActiveCfg = Release|Win32
		{96EDADBB-B880-45DD-A68B-EBE42367652E}.Release|x86.Build.0 = Release|Win32
		{C4AEB63B-5DBE-46E6-B3EA-72C826BEAAA4}.Debug|x64.ActiveCfg = Debug|x64
		{C4AEB63B-5DBE-46E6-B3EA-72C826BEAAA4}.Debug|x64.Build.0 = Debug|x64
		{C4AEB63B-5DBE-46E6-B3EA-72C826BEAAA4}.Debug|x86.ActiveCfg = Debug|Win32
		{C4AEB63B-5DBE-46E6-B3EA-72C826BEAAA4}.Debug|x86.Build.0 = Debug|Win32
		{C4AEB63B-5DBE-46E6-B3EA-72C826BEAAA4}.Release|x64.ActiveCfg = Release|x64
		{C4AEB63B-5DBE-46E6-B3EA-72C826BEAAA4}.Release|x64.Build.0 = Release|x64
		{C4AEB63B-5DBE-46E6-B3EA-72C826BEAAA4}.Release|x86.ActiveCfg = Release|Win32
		{C4AEB63B-5DBE-46E6-B3EA-72C826BEAAA4}.Release|x86.Build.0 = Release|Win32
		{B155D8E4-8198-42A5-8A0A-8AE64FDF9049}.Debug|x64.ActiveCfg = Debug|x64
		{B155D8E4-8198-42A5-8A0A-8AE64FDF9049}.Debug|x64.Build.0 = Debug|x64
		{B155D8E4-8198-42A5-8A0A-8AE64FDF9049}.Debug|x86.ActiveCfg = Debug|Win32
		{B155D8E4-8198-42A5-8A0A-8AE64FDF9049}.Debug|x86.Build.0 = Debug|Win32
		{B155D8E4-8198-42A5-8A0A-8AE64FDF9049}.Release|x64.ActiveCfg = Release|x64
		{B155D8E4-8198-42A5-8A0A-8AE64FDF9049}.Release|x64.Build.0 = Release|x64
		{B155D8E4-8198-42A5-8A0A-8AE64FDF9049}.Release|x86.ActiveCfg = Release|Win32
		{B155D8E4-8198-42A5-8A0A-8AE64FDF9049}.Release|x86.Build.0 = Release|Win32
		{012F1129-5F0C-487F-9CF3-7A25A59D97B8}.Debug|x64.ActiveCfg = Debug|x64
		{012F1129-5F0C-487F-9CF3-7A25A59D97B8}.Debug|x64.Build.0 = Debug|x64
		{012F1129-5F0C-487F-9CF3-7A25A59D97B8}.Debug|x86.ActiveCfg = Debug|Win32
		{012F1129-5F0C-487F-9CF3-7A25A59D97B8}.Debug|x86.Build.0 = Debug|Win32
		{012F1129-5F0C-487F-9CF3-7A25A59D97B8}.Release|x64.ActiveCfg = Release|x64
		{012F1129-5F0C-487F-9CF3-7A25A59D97B8}.Release|x64.Build.0 = Release|x64
		{012F1129-5F0C-487F-9CF3-7A25A59D97B8}.Release|x86.ActiveCfg = Release|Win32
		{012F1129-5F0C-487F-9CF3-7A25A59D97B8}.Release|x86.Build.0 = Release|Win32
		{25AA7B4E-0662-47BF-B420-E5CB0AA7D6D3}.Debug|x64.ActiveCfg = Debug|x64
		{25AA7B4E-0662-47BF-B420-E5CB0AA7D6D3}.Debug|x64.Build.0 = Debug|x64
		{25AA7B4E-0662-47BF-B420-E5CB0AA7D6D3}.Debug|x86.ActiveCfg = Debug|Win32
		{25AA7B4E-0662-47BF-B420-E5CB0AA7D6D3}.Debug|x86.Build.0 = Debug|Win32
		{25AA7B4E-0662-47BF-B420-E5CB0AA7D6D3}.Release|x64.ActiveCfg = Release|x64
		{25AA7B4E-0662-47BF-B420-E5CB0AA7D6D3}.Release|x64.Build.0 = Release|x64
		{25AA7B4E-0662-47BF-B420-E5CB0AA7D6D3}.Release|x86.ActiveCfg = Release|Win32
		{25AA7B4E-0662-47BF-B420-E5CB0AA7D6D3}.Release|x86.Build.0 = Release|Win32
		{90991AC5-D0B3-400C-9C08-FA98A8ECE675}.Debug|x64.ActiveCfg = Debug|x64
		{90991AC5-D0B3-400C-9C08-FA98A8ECE675}.Debug|x64.Build.0 = Debug|x64
		{90991AC5-D0B3-400C-9C08-FA98A8ECE675}.Debug|x86.ActiveCfg = Debug|Win32
		{90991AC5-D0B3-400C-9C08-FA98A8ECE675}.Debug|x86.Build.0 = Debug|Win32
		{90991AC5-D0B3-400C-9C08-FA98A8ECE675}.Release|x64.ActiveCfg = Release|x64
		{90991AC5-D0B3-400C-9C08-FA98A8ECE675}.Release|x64.Build.0 = Release|x64
		{90991AC5-D0B3-400C-9C08-FA98A8ECE675}.Release|x86.ActiveCfg = Release|Win32
		{90991AC5-D0B3-400C-9C08-FA98A8ECE675}.Release|x86.Build.0 = Release|Win32
		{F87412D0-BBD4-462D-8E9D-BAFA17FE86AA}.Debug|x64.ActiveCfg = Debug|x64
		{F87412D0-BBD4-462D-8E9D-BAFA17FE86AA}.Debug|x64.Build.0 = Debug|x64
		{F87412D0-BBD4-462D-8E9D-BAFA17FE86AA}.Debug|x86.ActiveCfg = Debug|Win32
		{F87412D0-BBD4-462D-8E9D-BAFA17FE86AA}.Debug|x86.Build.0 = Debug|Win32
		{F87412D0-BBD4-462D-8E9D-BAFA17FE86AA}.Release|x64.ActiveCfg = Release|x64
		{F87412D0-BBD4-462D-8E9D-BAFA17FE86AA}.Release|x64.Build.0 = Release|x64
		{F87412D0-BBD4-462D-8E9D-BAFA17FE86AA}.Release|x86.ActiveCfg = Release|Win32
		{F87412D0-BBD4-462D-8E9D-BAFA17FE86AA}.Release|x86.Build.0 = Release|Win32
		{F115ED78-B4B6-45BC-9ADF-81708836B7E2}.Debug|x64.ActiveCfg = Debug|x64
		{F115ED78-B4B6-45BC-9ADF-81708836B7E2}.Debug|x64.Build.0 = Debug|x64
		{F115ED78-B4B6-45BC-9ADF-81708836B7E2}.Debug|x86.ActiveCfg = Debug|Win32
		{F115ED78-B4B6-45BC-9ADF-81708836B7E2}.Debug|x86.Build.0 = Debug|Win32
		{F115ED78-B4B6-45BC-9ADF-81708836B7E2}.Release|x64.ActiveCfg = Release|x64
		{F115ED78-B4B6-45BC-9ADF-81708836B7E2}.Release|x64.Build.0 = Release|x64
		{F115ED78-B4B6-45BC-9ADF-81708836B7E2}.Release|x86.ActiveCfg = Release|Win32
		{F115ED78-B4B6-45BC-9ADF-81708836B7E2}.Release|x86.Build.0 = Release|Win32
		{B403454D-2D2E-4678-8DEA-CD8E1BE0E2B3}.Debug|x64.ActiveCfg = Debug|x64
		{B403454D-2D2E-4678-8DEA-CD8E1BE0E2B3}.Debug|x64.Build.0 = Debug|x64
		{B403454D-2D2E-4678-8DEA-CD8E1BE0E2B3}.Debug|x86.ActiveCfg = Debug|Win32
		{B403454D-2D2E-4678-8DEA-CD8E1BE0E2B3}.Debug|x86.Build.0 = Debug|Win32
		{B403454D-2D2E-4678-8DEA-CD8E1BE0E2B3}.Release|x64.ActiveCfg = Release|x64
		{B403454D-2D2E-4678-8DEA-CD8E1BE0E2B3}.Release|x64.Build.0 = Release|x64
		{B403454D-2D2E-4678-8DEA-CD8E1BE0E2B3}.Release|x86.ActiveCfg = Release|Win32
		{B403454D-2D2E-4678-8DEA-CD8E1BE0E2B3}.Release|x86.Build.0 = Release|Win32
		{00A2215D-9052-4902-AB76-87BB5658DBBB}.Debug|x64.ActiveCfg = Debug|x64
		{00A2215D-9052-4902-AB76-87BB5658DBBB}.Debug|x64.Build.0 = Debug|x64
		{00A2215D-9052-4902-AB76-87BB5658DBBB}.Debug|x86.ActiveCfg = Debug|Win32
		{00A2215D-9052-4902-AB76-87BB5658DBBB}.Debug|x86.Build.0 = Debug|Win32
		{00A2215D-9052-4902-AB76-87BB5658DBBB}.Release|x64.ActiveCfg = Release|x64
		{00A2215D-9052-4902-AB76-87BB5658DBBB}.Release|x64.Build.0 = Release|x64
		{00A2215D-9052-4902-AB76-87BB5658DBBB}.Release|x86.ActiveCfg = Release|Win32
		{00A2215D-9052-4902-AB76-87BB5658DBBB}.Release|x86.Build.0 = Release|Win32
		{0AEE3E3B-0E40-44BB-8573-7B9BCE7BD855}.Debug|x64.ActiveCfg = Debug|x64
		{0AEE3E3B-0E40-44BB-8573-7B9BCE7BD855}.Debug|x64.Build.0 = Debug|x64
		{0AEE3E3B-0E40-44BB-8573-7B9BCE7BD855}.Debug|x86.ActiveCfg = Debug|Win32
		{0AEE3E3B-0E40-44BB-8573-7B9BCE7BD855}.Debug|x86.Build.0 = Debug|Win32
		{0AEE3E3B-0E40-44BB-8573-7B9BCE7BD855}.Release|x64.ActiveCfg = Release|x64
		{0AEE3E3B-0E40-44BB-8573-7B9BCE7BD855}.Release|x64.Build.0 = Release|x64
		{0AEE3E3B-0E40-44BB-8573-7B9BCE7BD855}.Release|x86.ActiveCfg = Release|Win32
		{0AEE3E3B-0E40-44BB-8573-7B9BCE7BD855}.Release|x86.Build.0 = Release|Win32
		{E523DD89-F31E-46B4-86D9-879B9B90B028}.Debug|x64.ActiveCfg = Debug|x64
		{E523DD89-F31E-46B4-86D9-879B9B90B028}.Debug|x64.Build.0 = Debug|x64
		{E523DD89-F31E-46B4-86D9-879B9B90B028}.Debug|x86.ActiveCfg = Debug|Win32
		{E523DD89-F31E-46B4-86D9-879B9B90B028}.Debug|x86.Build.0 = Debug|Win32
		{E523DD89-F31E-46B4-86D9-879B9B90B028}.Release|x64.ActiveCfg = Release|x64
		{E523DD89-F31E-46B4-86D9-879B9B90B028}.Release|x64.Build.0 = Release|x64
		{E523DD89-F31E-46B4-86D9-879B9B90B028}.Release|x86.ActiveCfg = Release|Win32
		{E523DD89-F31E-46B4-86D9-879B9B90B028}.Release|x86.Build.0 = Release|Win32
		{E0916CF8-0183-4B05-8741-301764946D16}.Debug|x64.ActiveCfg = Debug|x64
		{E0916CF8-0183-4B05-8741-301764946D16}.Debug|x64.Build.0 = Debug|x64
		{E0916CF8-0183-4B05-8741-301764946D16}.Debug|x86.ActiveCfg = Debug|Win32
		{E0916CF8-0183-4B05-8741-301764946D16}.Debug|x86.Build.0 = Debug|Win32
		{E0916CF8-0183-4B05-8741-301764946D16}.Release|x64.ActiveCfg = Release|x64
		{E0916CF8-0183-4B05-8741-301764946D16}.Release|x64.Build.0 = Release|x64
		{E0916CF8-0183-4B05-8741-301764946D16}.Release|x86.ActiveCfg = Release|Win32
		{E0916CF8-0183-4B05-8741-301764946D16}.Release|x86.Build.0 = Release|Win32
	EndGlobalSection
	GlobalSection(SolutionProperties) = preSolution
		HideSolutionNode = FALSE
	EndGlobalSection
EndGlobal
