
Microsoft Visual Studio Solution File, Format Version 12.00
# Visual Studio 14
VisualStudioVersion = 14.0.25420.1
MinimumVisualStudioVersion = 10.0.40219.1
Project("{8BC9CEB8-8B4A-11D0-8D11-00A0C91BC942}") = "Prj01", "Prj01\Prj01.vcxproj", "{302DA63A-4433-4838-8FE7-37167E0D4B06}"
EndProject
Project("{8BC9CEB8-8B4A-11D0-8D11-00A0C91BC942}") = "Prj02", "Prj02\Prj02.vcxproj", "{C42B347C-8D46-476C-AFD6-A78122E37538}"
EndProject
Project("{8BC9CEB8-8B4A-11D0-8D11-00A0C91BC942}") = "Prj03", "Prj03\Prj03.vcxproj", "{7A36EB3D-9F7A-484D-A65A-A5DE1B2D20A5}"
EndProject
Project("{8BC9CEB8-8B4A-11D0-8D11-00A0C91BC942}") = "Prj04", "Prj04\Prj04.vcxproj", "{372ED04A-9C8D-44EC-870F-C2F7A0823DA0}"
EndProject
Project("{8BC9CEB8-8B4A-11D0-8D11-00A0C91BC942}") = "Prj05", "Prj05\Prj05.vcxproj", "{7EE46F8B-BC1E-4D8F-B509-399033D7A680}"
EndProject
Project("{8BC9CEB8-8B4A-11D0-8D11-00A0C91BC942}") = "Prj06", "Prj06\Prj06.vcxproj", "{B1B82DCC-2E05-4FB1-A896-FBE61553EF03}"
EndProject
Project("{8BC9CEB8-8B4A-11D0-8D11-00A0C91BC942}") = "Prj07", "Prj07\Prj07.vcxproj", "{E595D23D-A361-4DC1-A972-D71683372841}"
EndProject
Global
	GlobalSection(SolutionConfigurationPlatforms) = preSolution
		Debug|x64 = Debug|x64
		Debug|x86 = Debug|x86
		Release|x64 = Release|x64
		Release|x86 = Release|x86
	EndGlobalSection
	GlobalSection(ProjectConfigurationPlatforms) = postSolution
		{302DA63A-4433-4838-8FE7-37167E0D4B06}.Debug|x64.ActiveCfg = Debug|x64
		{302DA63A-4433-4838-8FE7-37167E0D4B06}.Debug|x64.Build.0 = Debug|x64
		{302DA63A-4433-4838-8FE7-37167E0D4B06}.Debug|x86.ActiveCfg = Debug|Win32
		{302DA63A-4433-4838-8FE7-37167E0D4B06}.Debug|x86.Build.0 = Debug|Win32
		{302DA63A-4433-4838-8FE7-37167E0D4B06}.Release|x64.ActiveCfg = Release|x64
		{302DA63A-4433-4838-8FE7-37167E0D4B06}.Release|x64.Build.0 = Release|x64
		{302DA63A-4433-4838-8FE7-37167E0D4B06}.Release|x86.ActiveCfg = Release|Win32
		{302DA63A-4433-4838-8FE7-37167E0D4B06}.Release|x86.Build.0 = Release|Win32
		{C42B347C-8D46-476C-AFD6-A78122E37538}.Debug|x64.ActiveCfg = Debug|x64
		{C42B347C-8D46-476C-AFD6-A78122E37538}.Debug|x64.Build.0 = Debug|x64
		{C42B347C-8D46-476C-AFD6-A78122E37538}.Debug|x86.ActiveCfg = Debug|Win32
		{C42B347C-8D46-476C-AFD6-A78122E37538}.Debug|x86.Build.0 = Debug|Win32
		{C42B347C-8D46-476C-AFD6-A78122E37538}.Release|x64.ActiveCfg = Release|x64
		{C42B347C-8D46-476C-AFD6-A78122E37538}.Release|x64.Build.0 = Release|x64
		{C42B347C-8D46-476C-AFD6-A78122E37538}.Release|x86.ActiveCfg = Release|Win32
		{C42B347C-8D46-476C-AFD6-A78122E37538}.Release|x86.Build.0 = Release|Win32
		{7A36EB3D-9F7A-484D-A65A-A5DE1B2D20A5}.Debug|x64.ActiveCfg = Debug|x64
		{7A36EB3D-9F7A-484D-A65A-A5DE1B2D20A5}.Debug|x64.Build.0 = Debug|x64
		{7A36EB3D-9F7A-484D-A65A-A5DE1B2D20A5}.Debug|x86.ActiveCfg = Debug|Win32
		{7A36EB3D-9F7A-484D-A65A-A5DE1B2D20A5}.Debug|x86.Build.0 = Debug|Win32
		{7A36EB3D-9F7A-484D-A65A-A5DE1B2D20A5}.Release|x64.ActiveCfg = Release|x64
		{7A36EB3D-9F7A-484D-A65A-A5DE1B2D20A5}.Release|x64.Build.0 = Release|x64
		{7A36EB3D-9F7A-484D-A65A-A5DE1B2D20A5}.Release|x86.ActiveCfg = Release|Win32
		{7A36EB3D-9F7A-484D-A65A-A5DE1B2D20A5}.Release|x86.Build.0 = Release|Win32
		{372ED04A-9C8D-44EC-870F-C2F7A0823DA0}.Debug|x64.ActiveCfg = Debug|x64
		{372ED04A-9C8D-44EC-870F-C2F7A0823DA0}.Debug|x64.Build.0 = Debug|x64
		{372ED04A-9C8D-44EC-870F-C2F7A0823DA0}.Debug|x86.ActiveCfg = Debug|Win32
		{372ED04A-9C8D-44EC-870F-C2F7A0823DA0}.Debug|x86.Build.0 = Debug|Win32
		{372ED04A-9C8D-44EC-870F-C2F7A0823DA0}.Release|x64.ActiveCfg = Release|x64
		{372ED04A-9C8D-44EC-870F-C2F7A0823DA0}.Release|x64.Build.0 = Release|x64
		{372ED04A-9C8D-44EC-870F-C2F7A0823DA0}.Release|x86.ActiveCfg = Release|Win32
		{372ED04A-9C8D-44EC-870F-C2F7A0823DA0}.Release|x86.Build.0 = Release|Win32
		{7EE46F8B-BC1E-4D8F-B509-399033D7A680}.Debug|x64.ActiveCfg = Debug|x64
		{7EE46F8B-BC1E-4D8F-B509-399033D7A680}.Debug|x64.Build.0 = Debug|x64
		{7EE46F8B-BC1E-4D8F-B509-399033D7A680}.Debug|x86.ActiveCfg = Debug|Win32
		{7EE46F8B-BC1E-4D8F-B509-399033D7A680}.Debug|x86.Build.0 = Debug|Win32
		{7EE46F8B-BC1E-4D8F-B509-399033D7A680}.Release|x64.ActiveCfg = Release|x64
		{7EE46F8B-BC1E-4D8F-B509-399033D7A680}.Release|x64.Build.0 = Release|x64
		{7EE46F8B-BC1E-4D8F-B509-399033D7A680}.Release|x86.ActiveCfg = Release|Win32
		{7EE46F8B-BC1E-4D8F-B509-399033D7A680}.Release|x86.Build.0 = Release|Win32
		{B1B82DCC-2E05-4FB1-A896-FBE61553EF03}.Debug|x64.ActiveCfg = Debug|x64
		{B1B82DCC-2E05-4FB1-A896-FBE61553EF03}.Debug|x64.Build.0 = Debug|x64
		{B1B82DCC-2E05-4FB1-A896-FBE61553EF03}.Debug|x86.ActiveCfg = Debug|Win32
		{B1B82DCC-2E05-4FB1-A896-FBE61553EF03}.Debug|x86.Build.0 = Debug|Win32
		{B1B82DCC-2E05-4FB1-A896-FBE61553EF03}.Release|x64.ActiveCfg = Release|x64
		{B1B82DCC-2E05-4FB1-A896-FBE61553EF03}.Release|x64.Build.0 = Release|x64
		{B1B82DCC-2E05-4FB1-A896-FBE61553EF03}.Release|x86.ActiveCfg = Release|Win32
		{B1B82DCC-2E05-4FB1-A896-FBE61553EF03}.Release|x86.Build.0 = Release|Win32
		{E595D23D-A361-4DC1-A972-D71683372841}.Debug|x64.ActiveCfg = Debug|x64
		{E595D23D-A361-4DC1-A972-D71683372841}.Debug|x64.Build.0 = Debug|x64
		{E595D23D-A361-4DC1-A972-D71683372841}.Debug|x86.ActiveCfg = Debug|Win32
		{E595D23D-A361-4DC1-A972-D71683372841}.Debug|x86.Build.0 = Debug|Win32
		{E595D23D-A361-4DC1-A972-D71683372841}.Release|x64.ActiveCfg = Release|x64
		{E595D23D-A361-4DC1-A972-D71683372841}.Release|x64.Build.0 = Release|x64
		{E595D23D-A361-4DC1-A972-D71683372841}.Release|x86.ActiveCfg = Release|Win32
		{E595D23D-A361-4DC1-A972-D71683372841}.Release|x86.Build.0 = Release|Win32
	EndGlobalSection
	GlobalSection(SolutionProperties) = preSolution
		HideSolutionNode = FALSE
	EndGlobalSection
EndGlobal
