
Microsoft Visual Studio Solution File, Format Version 12.00
# Visual Studio 14
VisualStudioVersion = 14.0.25420.1
MinimumVisualStudioVersion = 10.0.40219.1
Project("{8BC9CEB8-8B4A-11D0-8D11-00A0C91BC942}") = "Prj01", "Prj01\Prj01.vcxproj", "{C6B64C36-0747-4527-80D5-37A3EF54D2C4}"
EndProject
Project("{8BC9CEB8-8B4A-11D0-8D11-00A0C91BC942}") = "Prj02", "Prj02\Prj02.vcxproj", "{37A25D5E-F38F-4CC5-9522-C15BA6B1D2EA}"
EndProject
Project("{8BC9CEB8-8B4A-11D0-8D11-00A0C91BC942}") = "Prj03", "Prj03\Prj03.vcxproj", "{4086F7F2-A466-4538-B113-029BF550CF10}"
EndProject
Project("{8BC9CEB8-8B4A-11D0-8D11-00A0C91BC942}") = "Prj04", "Prj04\Prj04.vcxproj", "{C8C77AE4-4833-4387-806C-80B79E28BABD}"
EndProject
Project("{8BC9CEB8-8B4A-11D0-8D11-00A0C91BC942}") = "Prj05", "Prj05\Prj05.vcxproj", "{CBE458E8-7DD4-4C8E-8F23-28E0DF7A3968}"
EndProject
Project("{8BC9CEB8-8B4A-11D0-8D11-00A0C91BC942}") = "Prj06", "Prj06\Prj06.vcxproj", "{350C232E-D063-4281-9652-BCD274575E4D}"
EndProject
Project("{8BC9CEB8-8B4A-11D0-8D11-00A0C91BC942}") = "Prj07", "Prj07\Prj07.vcxproj", "{F21CBE5F-D672-437A-A4F7-93C782BC3B80}"
EndProject
Project("{8BC9CEB8-8B4A-11D0-8D11-00A0C91BC942}") = "Prj08", "Prj08\Prj08.vcxproj", "{ED3ECCF7-D780-4D71-8860-98F24E84E85F}"
EndProject
Project("{8BC9CEB8-8B4A-11D0-8D11-00A0C91BC942}") = "Prj09", "Prj09\Prj09.vcxproj", "{FBF25789-1116-4ADF-80B4-14B67A32F06F}"
EndProject
Global
	GlobalSection(SolutionConfigurationPlatforms) = preSolution
		Debug|x64 = Debug|x64
		Debug|x86 = Debug|x86
		Release|x64 = Release|x64
		Release|x86 = Release|x86
	EndGlobalSection
	GlobalSection(ProjectConfigurationPlatforms) = postSolution
		{C6B64C36-0747-4527-80D5-37A3EF54D2C4}.Debug|x64.ActiveCfg = Debug|x64
		{C6B64C36-0747-4527-80D5-37A3EF54D2C4}.Debug|x64.Build.0 = Debug|x64
		{C6B64C36-0747-4527-80D5-37A3EF54D2C4}.Debug|x86.ActiveCfg = Debug|Win32
		{C6B64C36-0747-4527-80D5-37A3EF54D2C4}.Debug|x86.Build.0 = Debug|Win32
		{C6B64C36-0747-4527-80D5-37A3EF54D2C4}.Release|x64.ActiveCfg = Release|x64
		{C6B64C36-0747-4527-80D5-37A3EF54D2C4}.Release|x64.Build.0 = Release|x64
		{C6B64C36-0747-4527-80D5-37A3EF54D2C4}.Release|x86.ActiveCfg = Release|Win32
		{C6B64C36-0747-4527-80D5-37A3EF54D2C4}.Release|x86.Build.0 = Release|Win32
		{37A25D5E-F38F-4CC5-9522-C15BA6B1D2EA}.Debug|x64.ActiveCfg = Debug|x64
		{37A25D5E-F38F-4CC5-9522-C15BA6B1D2EA}.Debug|x64.Build.0 = Debug|x64
		{37A25D5E-F38F-4CC5-9522-C15BA6B1D2EA}.Debug|x86.ActiveCfg = Debug|Win32
		{37A25D5E-F38F-4CC5-9522-C15BA6B1D2EA}.Debug|x86.Build.0 = Debug|Win32
		{37A25D5E-F38F-4CC5-9522-C15BA6B1D2EA}.Release|x64.ActiveCfg = Release|x64
		{37A25D5E-F38F-4CC5-9522-C15BA6B1D2EA}.Release|x64.Build.0 = Release|x64
		{37A25D5E-F38F-4CC5-9522-C15BA6B1D2EA}.Release|x86.ActiveCfg = Release|Win32
		{37A25D5E-F38F-4CC5-9522-C15BA6B1D2EA}.Release|x86.Build.0 = Release|Win32
		{4086F7F2-A466-4538-B113-029BF550CF10}.Debug|x64.ActiveCfg = Debug|x64
		{4086F7F2-A466-4538-B113-029BF550CF10}.Debug|x64.Build.0 = Debug|x64
		{4086F7F2-A466-4538-B113-029BF550CF10}.Debug|x86.ActiveCfg = Debug|Win32
		{4086F7F2-A466-4538-B113-029BF550CF10}.Debug|x86.Build.0 = Debug|Win32
		{4086F7F2-A466-4538-B113-029BF550CF10}.Release|x64.ActiveCfg = Release|x64
		{4086F7F2-A466-4538-B113-029BF550CF10}.Release|x64.Build.0 = Release|x64
		{4086F7F2-A466-4538-B113-029BF550CF10}.Release|x86.ActiveCfg = Release|Win32
		{4086F7F2-A466-4538-B113-029BF550CF10}.Release|x86.Build.0 = Release|Win32
		{C8C77AE4-4833-4387-806C-80B79E28BABD}.Debug|x64.ActiveCfg = Debug|x64
		{C8C77AE4-4833-4387-806C-80B79E28BABD}.Debug|x64.Build.0 = Debug|x64
		{C8C77AE4-4833-4387-806C-80B79E28BABD}.Debug|x86.ActiveCfg = Debug|Win32
		{C8C77AE4-4833-4387-806C-80B79E28BABD}.Debug|x86.Build.0 = Debug|Win32
		{C8C77AE4-4833-4387-806C-80B79E28BABD}.Release|x64.ActiveCfg = Release|x64
		{C8C77AE4-4833-4387-806C-80B79E28BABD}.Release|x64.Build.0 = Release|x64
		{C8C77AE4-4833-4387-806C-80B79E28BABD}.Release|x86.ActiveCfg = Release|Win32
		{C8C77AE4-4833-4387-806C-80B79E28BABD}.Release|x86.Build.0 = Release|Win32
		{CBE458E8-7DD4-4C8E-8F23-28E0DF7A3968}.Debug|x64.ActiveCfg = Debug|x64
		{CBE458E8-7DD4-4C8E-8F23-28E0DF7A3968}.Debug|x64.Build.0 = Debug|x64
		{CBE458E8-7DD4-4C8E-8F23-28E0DF7A3968}.Debug|x86.ActiveCfg = Debug|Win32
		{CBE458E8-7DD4-4C8E-8F23-28E0DF7A3968}.Debug|x86.Build.0 = Debug|Win32
		{CBE458E8-7DD4-4C8E-8F23-28E0DF7A3968}.Release|x64.ActiveCfg = Release|x64
		{CBE458E8-7DD4-4C8E-8F23-28E0DF7A3968}.Release|x64.Build.0 = Release|x64
		{CBE458E8-7DD4-4C8E-8F23-28E0DF7A3968}.Release|x86.ActiveCfg = Release|Win32
		{CBE458E8-7DD4-4C8E-8F23-28E0DF7A3968}.Release|x86.Build.0 = Release|Win32
		{350C232E-D063-4281-9652-BCD274575E4D}.Debug|x64.ActiveCfg = Debug|x64
		{350C232E-D063-4281-9652-BCD274575E4D}.Debug|x64.Build.0 = Debug|x64
		{350C232E-D063-4281-9652-BCD274575E4D}.Debug|x86.ActiveCfg = Debug|Win32
		{350C232E-D063-4281-9652-BCD274575E4D}.Debug|x86.Build.0 = Debug|Win32
		{350C232E-D063-4281-9652-BCD274575E4D}.Release|x64.ActiveCfg = Release|x64
		{350C232E-D063-4281-9652-BCD274575E4D}.Release|x64.Build.0 = Release|x64
		{350C232E-D063-4281-9652-BCD274575E4D}.Release|x86.ActiveCfg = Release|Win32
		{350C232E-D063-4281-9652-BCD274575E4D}.Release|x86.Build.0 = Release|Win32
		{F21CBE5F-D672-437A-A4F7-93C782BC3B80}.Debug|x64.ActiveCfg = Debug|x64
		{F21CBE5F-D672-437A-A4F7-93C782BC3B80}.Debug|x64.Build.0 = Debug|x64
		{F21CBE5F-D672-437A-A4F7-93C782BC3B80}.Debug|x86.ActiveCfg = Debug|Win32
		{F21CBE5F-D672-437A-A4F7-93C782BC3B80}.Debug|x86.Build.0 = Debug|Win32
		{F21CBE5F-D672-437A-A4F7-93C782BC3B80}.Release|x64.ActiveCfg = Release|x64
		{F21CBE5F-D672-437A-A4F7-93C782BC3B80}.Release|x64.Build.0 = Release|x64
		{F21CBE5F-D672-437A-A4F7-93C782BC3B80}.Release|x86.ActiveCfg = Release|Win32
		{F21CBE5F-D672-437A-A4F7-93C782BC3B80}.Release|x86.Build.0 = Release|Win32
		{ED3ECCF7-D780-4D71-8860-98F24E84E85F}.Debug|x64.ActiveCfg = Debug|x64
		{ED3ECCF7-D780-4D71-8860-98F24E84E85F}.Debug|x64.Build.0 = Debug|x64
		{ED3ECCF7-D780-4D71-8860-98F24E84E85F}.Debug|x86.ActiveCfg = Debug|Win32
		{ED3ECCF7-D780-4D71-8860-98F24E84E85F}.Debug|x86.Build.0 = Debug|Win32
		{ED3ECCF7-D780-4D71-8860-98F24E84E85F}.Release|x64.ActiveCfg = Release|x64
		{ED3ECCF7-D780-4D71-8860-98F24E84E85F}.Release|x64.Build.0 = Release|x64
		{ED3ECCF7-D780-4D71-8860-98F24E84E85F}.Release|x86.ActiveCfg = Release|Win32
		{ED3ECCF7-D780-4D71-8860-98F24E84E85F}.Release|x86.Build.0 = Release|Win32
		{FBF25789-1116-4ADF-80B4-14B67A32F06F}.Debug|x64.ActiveCfg = Debug|x64
		{FBF25789-1116-4ADF-80B4-14B67A32F06F}.Debug|x64.Build.0 = Debug|x64
		{FBF25789-1116-4ADF-80B4-14B67A32F06F}.Debug|x86.ActiveCfg = Debug|Win32
		{FBF25789-1116-4ADF-80B4-14B67A32F06F}.Debug|x86.Build.0 = Debug|Win32
		{FBF25789-1116-4ADF-80B4-14B67A32F06F}.Release|x64.ActiveCfg = Release|x64
		{FBF25789-1116-4ADF-80B4-14B67A32F06F}.Release|x64.Build.0 = Release|x64
		{FBF25789-1116-4ADF-80B4-14B67A32F06F}.Release|x86.ActiveCfg = Release|Win32
		{FBF25789-1116-4ADF-80B4-14B67A32F06F}.Release|x86.Build.0 = Release|Win32
	EndGlobalSection
	GlobalSection(SolutionProperties) = preSolution
		HideSolutionNode = FALSE
	EndGlobalSection
EndGlobal
